// !$*UTF8*$!
{
	archiveVersion = 1;
	classes = {
	};
	objectVersion = 50;
	objects = {

/* Begin PBXBuildFile section */
		F371C30B25E01D2A000BF5F0 /* AppDelegate.m in Sources */ = {isa = PBXBuildFile; fileRef = F371C30A25E01D2A000BF5F0 /* AppDelegate.m */; };
		F371C30E25E01D2A000BF5F0 /* ViewController.m in Sources */ = {isa = PBXBuildFile; fileRef = F371C30D25E01D2A000BF5F0 /* ViewController.m */; };
		F371C31125E01D2A000BF5F0 /* Main.storyboard in Resources */ = {isa = PBXBuildFile; fileRef = F371C30F25E01D2A000BF5F0 /* Main.storyboard */; };
		F371C31325E01D2A000BF5F0 /* Assets.xcassets in Resources */ = {isa = PBXBuildFile; fileRef = F371C31225E01D2A000BF5F0 /* Assets.xcassets */; };
		F371C31625E01D2A000BF5F0 /* LaunchScreen.storyboard in Resources */ = {isa = PBXBuildFile; fileRef = F371C31425E01D2A000BF5F0 /* LaunchScreen.storyboard */; };
		F371C31925E01D2B000BF5F0 /* main.m in Sources */ = {isa = PBXBuildFile; fileRef = F371C31825E01D2B000BF5F0 /* main.m */; };
		F371C32125E020D5000BF5F0 /* GameViewController.m in Sources */ = {isa = PBXBuildFile; fileRef = F371C32025E020D5000BF5F0 /* GameViewController.m */; };
		F371C32425E0213B000BF5F0 /* Bacteria.m in Sources */ = {isa = PBXBuildFile; fileRef = F371C32325E0213B000BF5F0 /* Bacteria.m */; };
/* End PBXBuildFile section */

/* Begin PBXFileReference section */
		F371C30625E01D29000BF5F0 /* Project11.app */ = {isa = PBXFileReference; explicitFileType = wrapper.application; includeInIndex = 0; path = Project11.app; sourceTree = BUILT_PRODUCTS_DIR; };
		F371C30925E01D2A000BF5F0 /* AppDelegate.h */ = {isa = PBXFileReference; lastKnownFileType = sourcecode.c.h; path = AppDelegate.h; sourceTree = "<group>"; };
		F371C30A25E01D2A000BF5F0 /* AppDelegate.m */ = {isa = PBXFileReference; lastKnownFileType = sourcecode.c.objc; path = AppDelegate.m; sourceTree = "<group>"; };
		F371C30C25E01D2A000BF5F0 /* ViewController.h */ = {isa = PBXFileReference; lastKnownFileType = sourcecode.c.h; path = ViewController.h; sourceTree = "<group>"; };
		F371C30D25E01D2A000BF5F0 /* ViewController.m */ = {isa = PBXFileReference; lastKnownFileType = sourcecode.c.objc; path = ViewController.m; sourceTree = "<group>"; };
		F371C31025E01D2A000BF5F0 /* Base */ = {isa = PBXFileReference; lastKnownFileType = file.storyboard; name = Base; path = Base.lproj/Main.storyboard; sourceTree = "<group>"; };
		F371C31225E01D2A000BF5F0 /* Assets.xcassets */ = {isa = PBXFileReference; lastKnownFileType = folder.assetcatalog; path = Assets.xcassets; sourceTree = "<group>"; };
		F371C31525E01D2A000BF5F0 /* Base */ = {isa = PBXFileReference; lastKnownFileType = file.storyboard; name = Base; path = Base.lproj/LaunchScreen.storyboard; sourceTree = "<group>"; };
		F371C31725E01D2B000BF5F0 /* Info.plist */ = {isa = PBXFileReference; lastKnownFileType = text.plist.xml; path = Info.plist; sourceTree = "<group>"; };
		F371C31825E01D2B000BF5F0 /* main.m */ = {isa = PBXFileReference; lastKnownFileType = sourcecode.c.objc; path = main.m; sourceTree = "<group>"; };
		F371C31F25E020D5000BF5F0 /* GameViewController.h */ = {isa = PBXFileReference; lastKnownFileType = sourcecode.c.h; path = GameViewController.h; sourceTree = "<group>"; };
		F371C32025E020D5000BF5F0 /* GameViewController.m */ = {isa = PBXFileReference; lastKnownFileType = sourcecode.c.objc; path = GameViewController.m; sourceTree = "<group>"; };
		F371C32225E0213B000BF5F0 /* Bacteria.h */ = {isa = PBXFileReference; lastKnownFileType = sourcecode.c.h; path = Bacteria.h; sourceTree = "<group>"; };
		F371C32325E0213B000BF5F0 /* Bacteria.m */ = {isa = PBXFileReference; lastKnownFileType = sourcecode.c.objc; path = Bacteria.m; sourceTree = "<group>"; };
/* End PBXFileReference section */

/* Begin PBXFrameworksBuildPhase section */
		F371C30325E01D29000BF5F0 /* Frameworks */ = {
			isa = PBXFrameworksBuildPhase;
			buildActionMask = 2147483647;
			files = (
			);
			runOnlyForDeploymentPostprocessing = 0;
		};
/* End PBXFrameworksBuildPhase section */

/* Begin PBXGroup section */
		F371C2FD25E01D29000BF5F0 = {
			isa = PBXGroup;
			children = (
				F371C30825E01D29000BF5F0 /* Project11 */,
				F371C30725E01D29000BF5F0 /* Products */,
			);
			sourceTree = "<group>";
		};
		F371C30725E01D29000BF5F0 /* Products */ = {
			isa = PBXGroup;
			children = (
				F371C30625E01D29000BF5F0 /* Project11.app */,
			);
			name = Products;
			sourceTree = "<group>";
		};
		F371C30825E01D29000BF5F0 /* Project11 */ = {
			isa = PBXGroup;
			children = (
				F371C30925E01D2A000BF5F0 /* AppDelegate.h */,
				F371C30A25E01D2A000BF5F0 /* AppDelegate.m */,
				F371C30C25E01D2A000BF5F0 /* ViewController.h */,
				F371C30D25E01D2A000BF5F0 /* ViewController.m */,
				F371C30F25E01D2A000BF5F0 /* Main.storyboard */,
				F371C31225E01D2A000BF5F0 /* Assets.xcassets */,
				F371C31425E01D2A000BF5F0 /* LaunchScreen.storyboard */,
				F371C31725E01D2B000BF5F0 /* Info.plist */,
				F371C31825E01D2B000BF5F0 /* main.m */,
				F371C31F25E020D5000BF5F0 /* GameViewController.h */,
				F371C32025E020D5000BF5F0 /* GameViewController.m */,
				F371C32225E0213B000BF5F0 /* Bacteria.h */,
				F371C32325E0213B000BF5F0 /* Bacteria.m */,
			);
			path = Project11;
			sourceTree = "<group>";
		};
/* End PBXGroup section */

/* Begin PBXNativeTarget section */
		F371C30525E01D29000BF5F0 /* Project11 */ = {
			isa = PBXNativeTarget;
			buildConfigurationList = F371C31C25E01D2B000BF5F0 /* Build configuration list for PBXNativeTarget "Project11" */;
			buildPhases = (
				F371C30225E01D29000BF5F0 /* Sources */,
				F371C30325E01D29000BF5F0 /* Frameworks */,
				F371C30425E01D29000BF5F0 /* Resources */,
			);
			buildRules = (
			);
			dependencies = (
			);
			name = Project11;
			productName = Project11;
			productReference = F371C30625E01D29000BF5F0 /* Project11.app */;
			productType = "com.apple.product-type.application";
		};
/* End PBXNativeTarget section */

/* Begin PBXProject section */
		F371C2FE25E01D29000BF5F0 /* Project object */ = {
			isa = PBXProject;
			attributes = {
				LastUpgradeCheck = 1250;
				TargetAttributes = {
					F371C30525E01D29000BF5F0 = {
						CreatedOnToolsVersion = 12.5;
					};
				};
			};
			buildConfigurationList = F371C30125E01D29000BF5F0 /* Build configuration list for PBXProject "Project11" */;
			compatibilityVersion = "Xcode 9.3";
			developmentRegion = en;
			hasScannedForEncodings = 0;
			knownRegions = (
				en,
				Base,
			);
			mainGroup = F371C2FD25E01D29000BF5F0;
			productRefGroup = F371C30725E01D29000BF5F0 /* Products */;
			projectDirPath = "";
			projectRoot = "";
			targets = (
				F371C30525E01D29000BF5F0 /* Project11 */,
			);
		};
/* End PBXProject section */

/* Begin PBXResourcesBuildPhase section */
		F371C30425E01D29000BF5F0 /* Resources */ = {
			isa = PBXResourcesBuildPhase;
			buildActionMask = 2147483647;
			files = (
				F371C31625E01D2A000BF5F0 /* LaunchScreen.storyboard in Resources */,
				F371C31325E01D2A000BF5F0 /* Assets.xcassets in Resources */,
				F371C31125E01D2A000BF5F0 /* Main.storyboard in Resources */,
			);
			runOnlyForDeploymentPostprocessing = 0;
		};
/* End PBXResourcesBuildPhase section */

/* Begin PBXSourcesBuildPhase section */
		F371C30225E01D29000BF5F0 /* Sources */ = {
			isa = PBXSourcesBuildPhase;
			buildActionMask = 2147483647;
			files = (
				F371C32125E020D5000BF5F0 /* GameViewController.m in Sources */,
				F371C30E25E01D2A000BF5F0 /* ViewController.m in Sources */,
				F371C31925E01D2B000BF5F0 /* main.m in Sources */,
				F371C32425E0213B000BF5F0 /* Bacteria.m in Sources */,
				F371C30B25E01D2A000BF5F0 /* AppDelegate.m in Sources */,
			);
			runOnlyForDeploymentPostprocessing = 0;
		};
/* End PBXSourcesBuildPhase section */

/* Begin PBXVariantGroup section */
		F371C30F25E01D2A000BF5F0 /* Main.storyboard */ = {
			isa = PBXVariantGroup;
			children = (
				F371C31025E01D2A000BF5F0 /* Base */,
			);
			name = Main.storyboard;
			sourceTree = "<group>";
		};
		F371C31425E01D2A000BF5F0 /* LaunchScreen.storyboard */ = {
			isa = PBXVariantGroup;
			children = (
				F371C31525E01D2A000BF5F0 /* Base */,
			);
			name = LaunchScreen.storyboard;
			sourceTree = "<group>";
		};
/* End PBXVariantGroup section */

/* Begin XCBuildConfiguration section */
		F371C31A25E01D2B000BF5F0 /* Debug */ = {
			isa = XCBuildConfiguration;
			buildSettings = {
				ALWAYS_SEARCH_USER_PATHS = NO;
				CLANG_ANALYZER_NONNULL = YES;
				CLANG_ANALYZER_NUMBER_OBJECT_CONVERSION = YES_AGGRESSIVE;
				CLANG_CXX_LANGUAGE_STANDARD = "gnu++14";
				CLANG_CXX_LIBRARY = "libc++";
				CLANG_ENABLE_MODULES = YES;
				CLANG_ENABLE_OBJC_ARC = YES;
				CLANG_ENABLE_OBJC_WEAK = YES;
				CLANG_WARN_BLOCK_CAPTURE_AUTORELEASING = YES;
				CLANG_WARN_BOOL_CONVERSION = YES;
				CLANG_WARN_COMMA = YES;
				CLANG_WARN_CONSTANT_CONVERSION = YES;
				CLANG_WARN_DEPRECATED_OBJC_IMPLEMENTATIONS = YES;
				CLANG_WARN_DIRECT_OBJC_ISA_USAGE = YES_ERROR;
				CLANG_WARN_DOCUMENTATION_COMMENTS = YES;
				CLANG_WARN_EMPTY_BODY = YES;
				CLANG_WARN_ENUM_CONVERSION = YES;
				CLANG_WARN_INFINITE_RECURSION = YES;
				CLANG_WARN_INT_CONVERSION = YES;
				CLANG_WARN_NON_LITERAL_NULL_CONVERSION = YES;
				CLANG_WARN_OBJC_IMPLICIT_RETAIN_SELF = YES;
				CLANG_WARN_OBJC_LITERAL_CONVERSION = YES;
				CLANG_WARN_OBJC_ROOT_CLASS = YES_ERROR;
				CLANG_WARN_QUOTED_INCLUDE_IN_FRAMEWORK_HEADER = YES;
				CLANG_WARN_RANGE_LOOP_ANALYSIS = YES;
				CLANG_WARN_STRICT_PROTOTYPES = YES;
				CLANG_WARN_SUSPICIOUS_MOVE = YES;
				CLANG_WARN_UNGUARDED_AVAILABILITY = YES_AGGRESSIVE;
				CLANG_WARN_UNREACHABLE_CODE = YES;
				CLANG_WARN__DUPLICATE_METHOD_MATCH = YES;
				COPY_PHASE_STRIP = NO;
				DEBUG_INFORMATION_FORMAT = dwarf;
				ENABLE_STRICT_OBJC_MSGSEND = YES;
				ENABLE_TESTABILITY = YES;
				GCC_C_LANGUAGE_STANDARD = gnu11;
				GCC_DYNAMIC_NO_PIC = NO;
				GCC_NO_COMMON_BLOCKS = YES;
				GCC_OPTIMIZATION_LEVEL = 0;
				GCC_PREPROCESSOR_DEFINITIONS = (
					"DEBUG=1",
					"$(inherited)",
				);
				GCC_WARN_64_TO_32_BIT_CONVERSION = YES;
				GCC_WARN_ABOUT_RETURN_TYPE = YES_ERROR;
				GCC_WARN_UNDECLARED_SELECTOR = YES;
				GCC_WARN_UNINITIALIZED_AUTOS = YES_AGGRESSIVE;
				GCC_WARN_UNUSED_FUNCTION = YES;
				GCC_WARN_UNUSED_VARIABLE = YES;
				MTL_ENABLE_DEBUG_INFO = INCLUDE_SOURCE;
				MTL_FAST_MATH = YES;
				ONLY_ACTIVE_ARCH = YES;
				SDKROOT = appletvos;
				TVOS_DEPLOYMENT_TARGET = 14.5;
			};
			name = Debug;
		};
		F371C31B25E01D2B000BF5F0 /* Release */ = {
			isa = XCBuildConfiguration;
			buildSettings = {
				ALWAYS_SEARCH_USER_PATHS = NO;
				CLANG_ANALYZER_NONNULL = YES;
				CLANG_ANALYZER_NUMBER_OBJECT_CONVERSION = YES_AGGRESSIVE;
				CLANG_CXX_LANGUAGE_STANDARD = "gnu++14";
				CLANG_CXX_LIBRARY = "libc++";
				CLANG_ENABLE_MODULES = YES;
				CLANG_ENABLE_OBJC_ARC = YES;
				CLANG_ENABLE_OBJC_WEAK = YES;
				CLANG_WARN_BLOCK_CAPTURE_AUTORELEASING = YES;
				CLANG_WARN_BOOL_CONVERSION = YES;
				CLANG_WARN_COMMA = YES;
				CLANG_WARN_CONSTANT_CONVERSION = YES;
				CLANG_WARN_DEPRECATED_OBJC_IMPLEMENTATIONS = YES;
				CLANG_WARN_DIRECT_OBJC_ISA_USAGE = YES_ERROR;
				CLANG_WARN_DOCUMENTATION_COMMENTS = YES;
				CLANG_WARN_EMPTY_BODY = YES;
				CLANG_WARN_ENUM_CONVERSION = YES;
				CLANG_WARN_INFINITE_RECURSION = YES;
				CLANG_WARN_INT_CONVERSION = YES;
				CLANG_WARN_NON_LITERAL_NULL_CONVERSION = YES;
				CLANG_WARN_OBJC_IMPLICIT_RETAIN_SELF = YES;
				CLANG_WARN_OBJC_LITERAL_CONVERSION = YES;
				CLANG_WARN_OBJC_ROOT_CLASS = YES_ERROR;
				CLANG_WARN_QUOTED_INCLUDE_IN_FRAMEWORK_HEADER = YES;
				CLANG_WARN_RANGE_LOOP_ANALYSIS = YES;
				CLANG_WARN_STRICT_PROTOTYPES = YES;
				CLANG_WARN_SUSPICIOUS_MOVE = YES;
				CLANG_WARN_UNGUARDED_AVAILABILITY = YES_AGGRESSIVE;
				CLANG_WARN_UNREACHABLE_CODE = YES;
				CLANG_WARN__DUPLICATE_METHOD_MATCH = YES;
				COPY_PHASE_STRIP = NO;
				DEBUG_INFORMATION_FORMAT = "dwarf-with-dsym";
				ENABLE_NS_ASSERTIONS = NO;
				ENABLE_STRICT_OBJC_MSGSEND = YES;
				GCC_C_LANGUAGE_STANDARD = gnu11;
				GCC_NO_COMMON_BLOCKS = YES;
				GCC_WARN_64_TO_32_BIT_CONVERSION = YES;
				GCC_WARN_ABOUT_RETURN_TYPE = YES_ERROR;
				GCC_WARN_UNDECLARED_SELECTOR = YES;
				GCC_WARN_UNINITIALIZED_AUTOS = YES_AGGRESSIVE;
				GCC_WARN_UNUSED_FUNCTION = YES;
				GCC_WARN_UNUSED_VARIABLE = YES;
				MTL_ENABLE_DEBUG_INFO = NO;
				MTL_FAST_MATH = YES;
				SDKROOT = appletvos;
				TVOS_DEPLOYMENT_TARGET = 14.5;
				VALIDATE_PRODUCT = YES;
			};
			name = Release;
		};
		F371C31D25E01D2B000BF5F0 /* Debug */ = {
			isa = XCBuildConfiguration;
			buildSettings = {
				ASSETCATALOG_COMPILER_APPICON_NAME = "App Icon & Top Shelf Image";
				ASSETCATALOG_COMPILER_GLOBAL_ACCENT_COLOR_NAME = AccentColor;
				CODE_SIGN_STYLE = Automatic;
				DEVELOPMENT_TEAM = 6Q9SP4M9H4;
				INFOPLIST_FILE = Project11/Info.plist;
				LD_RUNPATH_SEARCH_PATHS = (
					"$(inherited)",
					"@executable_path/Frameworks",
				);
				PRODUCT_BUNDLE_IDENTIFIER = com.pookjw.Project11;
				PRODUCT_NAME = "$(TARGET_NAME)";
				TARGETED_DEVICE_FAMILY = 3;
			};
			name = Debug;
		};
		F371C31E25E01D2B000BF5F0 /* Release */ = {
			isa = XCBuildConfiguration;
			buildSettings = {
				ASSETCATALOG_COMPILER_APPICON_NAME = "App Icon & Top Shelf Image";
				ASSETCATALOG_COMPILER_GLOBAL_ACCENT_COLOR_NAME = AccentColor;
				CODE_SIGN_STYLE = Automatic;
				DEVELOPMENT_TEAM = 6Q9SP4M9H4;
				INFOPLIST_FILE = Project11/Info.plist;
				LD_RUNPATH_SEARCH_PATHS = (
					"$(inherited)",
					"@executable_path/Frameworks",
				);
				PRODUCT_BUNDLE_IDENTIFIER = com.pookjw.Project11;
				PRODUCT_NAME = "$(TARGET_NAME)";
				TARGETED_DEVICE_FAMILY = 3;
			};
			name = Release;
		};
/* End XCBuildConfiguration section */

/* Begin XCConfigurationList section */
		F371C30125E01D29000BF5F0 /* Build configuration list for PBXProject "Project11" */ = {
			isa = XCConfigurationList;
			buildConfigurations = (
				F371C31A25E01D2B000BF5F0 /* Debug */,
				F371C31B25E01D2B000BF5F0 /* Release */,
			);
			defaultConfigurationIsVisible = 0;
			defaultConfigurationName = Release;
		};
		F371C31C25E01D2B000BF5F0 /* Build configuration list for PBXNativeTarget "Project11" */ = {
			isa = XCConfigurationList;
			buildConfigurations = (
				F371C31D25E01D2B000BF5F0 /* Debug */,
				F371C31E25E01D2B000BF5F0 /* Release */,
			);
			defaultConfigurationIsVisible = 0;
			defaultConfigurationName = Release;
		};
/* End XCConfigurationList section */
	};
	rootObject = F371C2FE25E01D29000BF5F0 /* Project object */;
}
